
Microsoft Visual Studio Solution File, Format Version 12.00
# Visual Studio Version 17
VisualStudioVersion = 17.2.32630.192
MinimumVisualStudioVersion = 10.0.40219.1
Project("{FAE04EC0-301F-11D3-BF4B-00C04F79EFBC}") = "Ribbon", "Ribbon.csproj", "{212F2985-E966-49BD-B9BF-9A39D059CE7F}"
EndProject
Global
	GlobalSection(SolutionConfigurationPlatforms) = preSolution
		Debug|Any CPU = Debug|Any CPU
		Release|Any CPU = Release|Any CPU
	EndGlobalSection
	GlobalSection(ProjectConfigurationPlatforms) = postSolution
		{212F2985-E966-49BD-B9BF-9A39D059CE7F}.Debug|Any CPU.ActiveCfg = Debug|Any CPU
		{212F2985-E966-49BD-B9BF-9A39D059CE7F}.Debug|Any CPU.Build.0 = Debug|Any CPU
		{212F2985-E966-49BD-B9BF-9A39D059CE7F}.Release|Any CPU.ActiveCfg = Release|Any CPU
		{212F2985-E966-49BD-B9BF-9A39D059CE7F}.Release|Any CPU.Build.0 = Release|Any CPU
	EndGlobalSection
	GlobalSection(SolutionProperties) = preSolution
		HideSolutionNode = FALSE
	EndGlobalSection
	GlobalSection(ExtensibilityGlobals) = postSolution
		SolutionGuid = {9CF6C75E-76CF-4908-8354-A74BD7898428}
	EndGlobalSection
EndGlobal
